// !$*UTF8*$!
{
	archiveVersion = 1;
	classes = {
	};
	objectVersion = 46;
	objects = {

/* Begin PBXBuildFile section */
		FF0B62231E20567B003BCDB3 /* main.m in Sources */ = {isa = PBXBuildFile; fileRef = FF0B62221E20567B003BCDB3 /* main.m */; };
		FF0B62261E20567B003BCDB3 /* VTAppDelegate.m in Sources */ = {isa = PBXBuildFile; fileRef = FF0B62251E20567B003BCDB3 /* VTAppDelegate.m */; };
		FF0B622E1E20567B003BCDB3 /* Assets.xcassets in Resources */ = {isa = PBXBuildFile; fileRef = FF0B622D1E20567B003BCDB3 /* Assets.xcassets */; };
		FF0B62311E20567B003BCDB3 /* LaunchScreen.storyboard in Resources */ = {isa = PBXBuildFile; fileRef = FF0B622F1E20567B003BCDB3 /* LaunchScreen.storyboard */; };
		FF0B623A1E2057A4003BCDB3 /* VTMainViewController.m in Sources */ = {isa = PBXBuildFile; fileRef = FF0B62391E2057A4003BCDB3 /* VTMainViewController.m */; };
		FF0B623F1E2092B3003BCDB3 /* AVFoundation.framework in Frameworks */ = {isa = PBXBuildFile; fileRef = FF0B623E1E2092B3003BCDB3 /* AVFoundation.framework */; };
		FF0F26F91E241B5500D98C90 /* VTCameraPreviewView.m in Sources */ = {isa = PBXBuildFile; fileRef = FF0F26F81E241B5500D98C90 /* VTCameraPreviewView.m */; };
		FF0F26FC1E2421AF00D98C90 /* UIKit.framework in Frameworks */ = {isa = PBXBuildFile; fileRef = FF0F26FB1E2421AF00D98C90 /* UIKit.framework */; };
		FF19EE701E8841840001AFC4 /* VTCaptureTypes.m in Sources */ = {isa = PBXBuildFile; fileRef = FF19EE6F1E8841840001AFC4 /* VTCaptureTypes.m */; };
		FF1E036C1E8443110015A004 /* VTToggleButton.m in Sources */ = {isa = PBXBuildFile; fileRef = FF1E036B1E8443110015A004 /* VTToggleButton.m */; };
		FF1F2F5A1E81ACF0009F4510 /* VTRequiresCameraPermissionView.m in Sources */ = {isa = PBXBuildFile; fileRef = FF1F2F591E81ACF0009F4510 /* VTRequiresCameraPermissionView.m */; };
		FF1F2F5E1E81B67A009F4510 /* VTMath.m in Sources */ = {isa = PBXBuildFile; fileRef = FF1F2F5D1E81B67A009F4510 /* VTMath.m */; };
		FF1F2F671E81BEE7009F4510 /* Localizable.strings in Resources */ = {isa = PBXBuildFile; fileRef = FF1F2F691E81BEE7009F4510 /* Localizable.strings */; };
		FF1F2F8F1E82F86C009F4510 /* VTCameraControlView.m in Sources */ = {isa = PBXBuildFile; fileRef = FF1F2F8E1E82F86C009F4510 /* VTCameraControlView.m */; };
		FF2EE3211E24B0EC007D5E6C /* Photos.framework in Frameworks */ = {isa = PBXBuildFile; fileRef = FF2EE3201E24B0EC007D5E6C /* Photos.framework */; };
		FF3A01481E9DA0F7007B5883 /* AVKit.framework in Frameworks */ = {isa = PBXBuildFile; fileRef = FF3A01471E9DA0F7007B5883 /* AVKit.framework */; };
		FF4440491E7AEFFA002B6F67 /* VTRootViewController.m in Sources */ = {isa = PBXBuildFile; fileRef = FF4440481E7AEFFA002B6F67 /* VTRootViewController.m */; };
		FF54F7D51E9C302B00D84F2C /* VTPushPullToggleControl.m in Sources */ = {isa = PBXBuildFile; fileRef = FF54F7D41E9C302B00D84F2C /* VTPushPullToggleControl.m */; };
		FF54F7D81E9C901600D84F2C /* VTCountDownView.m in Sources */ = {isa = PBXBuildFile; fileRef = FF54F7D71E9C901600D84F2C /* VTCountDownView.m */; };
		FF74E2621E85951B00C6969F /* VTCameraController.m in Sources */ = {isa = PBXBuildFile; fileRef = FF74E2611E85951B00C6969F /* VTCameraController.m */; };
		FF8111AD1E8B2781004E87B4 /* HFKVOBlocks.m in Sources */ = {isa = PBXBuildFile; fileRef = FF8111AC1E8B2781004E87B4 /* HFKVOBlocks.m */; };
		FF84B7171E92FB7400F79413 /* VTZoomEffectSettings.m in Sources */ = {isa = PBXBuildFile; fileRef = FF84B7161E92FB7400F79413 /* VTZoomEffectSettings.m */; };
		FFA05F601E89A344009137DA /* VTZoomEffect.m in Sources */ = {isa = PBXBuildFile; fileRef = FFA05F5F1E89A344009137DA /* VTZoomEffect.m */; };
/* End PBXBuildFile section */

/* Begin PBXFileReference section */
		FF0B621E1E20567B003BCDB3 /* Vertigo.app */ = {isa = PBXFileReference; explicitFileType = wrapper.application; includeInIndex = 0; path = Vertigo.app; sourceTree = BUILT_PRODUCTS_DIR; };
		FF0B62221E20567B003BCDB3 /* main.m */ = {isa = PBXFileReference; lastKnownFileType = sourcecode.c.objc; path = main.m; sourceTree = "<group>"; };
		FF0B62241E20567B003BCDB3 /* VTAppDelegate.h */ = {isa = PBXFileReference; lastKnownFileType = sourcecode.c.h; path = VTAppDelegate.h; sourceTree = "<group>"; };
		FF0B62251E20567B003BCDB3 /* VTAppDelegate.m */ = {isa = PBXFileReference; lastKnownFileType = sourcecode.c.objc; path = VTAppDelegate.m; sourceTree = "<group>"; };
		FF0B622D1E20567B003BCDB3 /* Assets.xcassets */ = {isa = PBXFileReference; lastKnownFileType = folder.assetcatalog; path = Assets.xcassets; sourceTree = "<group>"; };
		FF0B62301E20567B003BCDB3 /* Base */ = {isa = PBXFileReference; lastKnownFileType = file.storyboard; name = Base; path = Base.lproj/LaunchScreen.storyboard; sourceTree = "<group>"; };
		FF0B62321E20567B003BCDB3 /* Info.plist */ = {isa = PBXFileReference; lastKnownFileType = text.plist.xml; path = Info.plist; sourceTree = "<group>"; };
		FF0B62381E2057A4003BCDB3 /* VTMainViewController.h */ = {isa = PBXFileReference; fileEncoding = 4; lastKnownFileType = sourcecode.c.h; path = VTMainViewController.h; sourceTree = "<group>"; };
		FF0B62391E2057A4003BCDB3 /* VTMainViewController.m */ = {isa = PBXFileReference; fileEncoding = 4; lastKnownFileType = sourcecode.c.objc; path = VTMainViewController.m; sourceTree = "<group>"; };
		FF0B623E1E2092B3003BCDB3 /* AVFoundation.framework */ = {isa = PBXFileReference; lastKnownFileType = wrapper.framework; name = AVFoundation.framework; path = System/Library/Frameworks/AVFoundation.framework; sourceTree = SDKROOT; };
		FF0F26F71E241B5500D98C90 /* VTCameraPreviewView.h */ = {isa = PBXFileReference; fileEncoding = 4; lastKnownFileType = sourcecode.c.h; path = VTCameraPreviewView.h; sourceTree = "<group>"; };
		FF0F26F81E241B5500D98C90 /* VTCameraPreviewView.m */ = {isa = PBXFileReference; fileEncoding = 4; lastKnownFileType = sourcecode.c.objc; path = VTCameraPreviewView.m; sourceTree = "<group>"; };
		FF0F26FA1E24216900D98C90 /* VertigoPrefixHeader.pch */ = {isa = PBXFileReference; lastKnownFileType = sourcecode.c.h; path = VertigoPrefixHeader.pch; sourceTree = "<group>"; };
		FF0F26FB1E2421AF00D98C90 /* UIKit.framework */ = {isa = PBXFileReference; lastKnownFileType = wrapper.framework; name = UIKit.framework; path = System/Library/Frameworks/UIKit.framework; sourceTree = SDKROOT; };
		FF19EE6E1E8841840001AFC4 /* VTCaptureTypes.h */ = {isa = PBXFileReference; fileEncoding = 4; lastKnownFileType = sourcecode.c.h; path = VTCaptureTypes.h; sourceTree = "<group>"; };
		FF19EE6F1E8841840001AFC4 /* VTCaptureTypes.m */ = {isa = PBXFileReference; fileEncoding = 4; lastKnownFileType = sourcecode.c.objc; path = VTCaptureTypes.m; sourceTree = "<group>"; };
		FF1E036A1E8443110015A004 /* VTToggleButton.h */ = {isa = PBXFileReference; fileEncoding = 4; lastKnownFileType = sourcecode.c.h; path = VTToggleButton.h; sourceTree = "<group>"; };
		FF1E036B1E8443110015A004 /* VTToggleButton.m */ = {isa = PBXFileReference; fileEncoding = 4; lastKnownFileType = sourcecode.c.objc; path = VTToggleButton.m; sourceTree = "<group>"; };
		FF1F2F581E81ACF0009F4510 /* VTRequiresCameraPermissionView.h */ = {isa = PBXFileReference; fileEncoding = 4; lastKnownFileType = sourcecode.c.h; path = VTRequiresCameraPermissionView.h; sourceTree = "<group>"; };
		FF1F2F591E81ACF0009F4510 /* VTRequiresCameraPermissionView.m */ = {isa = PBXFileReference; fileEncoding = 4; lastKnownFileType = sourcecode.c.objc; path = VTRequiresCameraPermissionView.m; sourceTree = "<group>"; };
		FF1F2F5C1E81B67A009F4510 /* VTMath.h */ = {isa = PBXFileReference; fileEncoding = 4; lastKnownFileType = sourcecode.c.h; path = VTMath.h; sourceTree = "<group>"; };
		FF1F2F5D1E81B67A009F4510 /* VTMath.m */ = {isa = PBXFileReference; fileEncoding = 4; lastKnownFileType = sourcecode.c.objc; path = VTMath.m; sourceTree = "<group>"; };
		FF1F2F681E81BEE7009F4510 /* en */ = {isa = PBXFileReference; lastKnownFileType = text.plist.strings; name = en; path = en.lproj/Localizable.strings; sourceTree = "<group>"; };
		FF1F2F8D1E82F86C009F4510 /* VTCameraControlView.h */ = {isa = PBXFileReference; fileEncoding = 4; lastKnownFileType = sourcecode.c.h; path = VTCameraControlView.h; sourceTree = "<group>"; };
		FF1F2F8E1E82F86C009F4510 /* VTCameraControlView.m */ = {isa = PBXFileReference; fileEncoding = 4; lastKnownFileType = sourcecode.c.objc; path = VTCameraControlView.m; sourceTree = "<group>"; };
		FF2EE3201E24B0EC007D5E6C /* Photos.framework */ = {isa = PBXFileReference; lastKnownFileType = wrapper.framework; name = Photos.framework; path = System/Library/Frameworks/Photos.framework; sourceTree = SDKROOT; };
		FF3A01471E9DA0F7007B5883 /* AVKit.framework */ = {isa = PBXFileReference; lastKnownFileType = wrapper.framework; name = AVKit.framework; path = System/Library/Frameworks/AVKit.framework; sourceTree = SDKROOT; };
		FF4440471E7AEFFA002B6F67 /* VTRootViewController.h */ = {isa = PBXFileReference; fileEncoding = 4; lastKnownFileType = sourcecode.c.h; path = VTRootViewController.h; sourceTree = "<group>"; };
		FF4440481E7AEFFA002B6F67 /* VTRootViewController.m */ = {isa = PBXFileReference; fileEncoding = 4; lastKnownFileType = sourcecode.c.objc; path = VTRootViewController.m; sourceTree = "<group>"; };
		FF54F7D31E9C302B00D84F2C /* VTPushPullToggleControl.h */ = {isa = PBXFileReference; fileEncoding = 4; lastKnownFileType = sourcecode.c.h; path = VTPushPullToggleControl.h; sourceTree = "<group>"; };
		FF54F7D41E9C302B00D84F2C /* VTPushPullToggleControl.m */ = {isa = PBXFileReference; fileEncoding = 4; lastKnownFileType = sourcecode.c.objc; path = VTPushPullToggleControl.m; sourceTree = "<group>"; };
		FF54F7D61E9C901600D84F2C /* VTCountDownView.h */ = {isa = PBXFileReference; fileEncoding = 4; lastKnownFileType = sourcecode.c.h; path = VTCountDownView.h; sourceTree = "<group>"; };
		FF54F7D71E9C901600D84F2C /* VTCountDownView.m */ = {isa = PBXFileReference; fileEncoding = 4; lastKnownFileType = sourcecode.c.objc; path = VTCountDownView.m; sourceTree = "<group>"; };
		FF74E2601E85951B00C6969F /* VTCameraController.h */ = {isa = PBXFileReference; fileEncoding = 4; lastKnownFileType = sourcecode.c.h; path = VTCameraController.h; sourceTree = "<group>"; };
		FF74E2611E85951B00C6969F /* VTCameraController.m */ = {isa = PBXFileReference; fileEncoding = 4; lastKnownFileType = sourcecode.c.objc; path = VTCameraController.m; sourceTree = "<group>"; };
		FF8111AB1E8B2781004E87B4 /* HFKVOBlocks.h */ = {isa = PBXFileReference; fileEncoding = 4; lastKnownFileType = sourcecode.c.h; path = HFKVOBlocks.h; sourceTree = "<group>"; };
		FF8111AC1E8B2781004E87B4 /* HFKVOBlocks.m */ = {isa = PBXFileReference; fileEncoding = 4; lastKnownFileType = sourcecode.c.objc; path = HFKVOBlocks.m; sourceTree = "<group>"; };
		FF84B7151E92FB7400F79413 /* VTZoomEffectSettings.h */ = {isa = PBXFileReference; fileEncoding = 4; lastKnownFileType = sourcecode.c.h; path = VTZoomEffectSettings.h; sourceTree = "<group>"; };
		FF84B7161E92FB7400F79413 /* VTZoomEffectSettings.m */ = {isa = PBXFileReference; fileEncoding = 4; lastKnownFileType = sourcecode.c.objc; path = VTZoomEffectSettings.m; sourceTree = "<group>"; };
		FFA05F5E1E89A344009137DA /* VTZoomEffect.h */ = {isa = PBXFileReference; fileEncoding = 4; lastKnownFileType = sourcecode.c.h; path = VTZoomEffect.h; sourceTree = "<group>"; };
		FFA05F5F1E89A344009137DA /* VTZoomEffect.m */ = {isa = PBXFileReference; fileEncoding = 4; lastKnownFileType = sourcecode.c.objc; path = VTZoomEffect.m; sourceTree = "<group>"; };
/* End PBXFileReference section */

/* Begin PBXFrameworksBuildPhase section */
		FF0B621B1E20567B003BCDB3 /* Frameworks */ = {
			isa = PBXFrameworksBuildPhase;
			buildActionMask = 2147483647;
			files = (
				FF3A01481E9DA0F7007B5883 /* AVKit.framework in Frameworks */,
				FF2EE3211E24B0EC007D5E6C /* Photos.framework in Frameworks */,
				FF0F26FC1E2421AF00D98C90 /* UIKit.framework in Frameworks */,
				FF0B623F1E2092B3003BCDB3 /* AVFoundation.framework in Frameworks */,
			);
			runOnlyForDeploymentPostprocessing = 0;
		};
/* End PBXFrameworksBuildPhase section */

/* Begin PBXGroup section */
		FF0B62151E20567B003BCDB3 = {
			isa = PBXGroup;
			children = (
				FF0B62201E20567B003BCDB3 /* Vertigo */,
				FF0B621F1E20567B003BCDB3 /* Products */,
				FF0B623D1E2092B3003BCDB3 /* Frameworks */,
			);
			sourceTree = "<group>";
		};
		FF0B621F1E20567B003BCDB3 /* Products */ = {
			isa = PBXGroup;
			children = (
				FF0B621E1E20567B003BCDB3 /* Vertigo.app */,
			);
			name = Products;
			sourceTree = "<group>";
		};
		FF0B62201E20567B003BCDB3 /* Vertigo */ = {
			isa = PBXGroup;
			children = (
				FF0B62241E20567B003BCDB3 /* VTAppDelegate.h */,
				FF0B62251E20567B003BCDB3 /* VTAppDelegate.m */,
				FF74E25F1E8594EB00C6969F /* Controller */,
				FF2EE31C1E24AB7D007D5E6C /* Model */,
				FF0F26F61E241B4800D98C90 /* Views */,
				FF0B623B1E2057A8003BCDB3 /* ViewControllers */,
				FF1F2F5B1E81B668009F4510 /* Utils */,
				FF0B623C1E2057CA003BCDB3 /* Resources */,
				FF0B62211E20567B003BCDB3 /* Supporting Files */,
			);
			path = Vertigo;
			sourceTree = "<group>";
		};
		FF0B62211E20567B003BCDB3 /* Supporting Files */ = {
			isa = PBXGroup;
			children = (
				FF0B62221E20567B003BCDB3 /* main.m */,
				FF0F26FA1E24216900D98C90 /* VertigoPrefixHeader.pch */,
			);
			name = "Supporting Files";
			sourceTree = "<group>";
		};
		FF0B623B1E2057A8003BCDB3 /* ViewControllers */ = {
			isa = PBXGroup;
			children = (
				FF0B62381E2057A4003BCDB3 /* VTMainViewController.h */,
				FF0B62391E2057A4003BCDB3 /* VTMainViewController.m */,
				FF4440471E7AEFFA002B6F67 /* VTRootViewController.h */,
				FF4440481E7AEFFA002B6F67 /* VTRootViewController.m */,
			);
			name = ViewControllers;
			sourceTree = "<group>";
		};
		FF0B623C1E2057CA003BCDB3 /* Resources */ = {
			isa = PBXGroup;
			children = (
				FF0B622D1E20567B003BCDB3 /* Assets.xcassets */,
				FF0B622F1E20567B003BCDB3 /* LaunchScreen.storyboard */,
				FF0B62321E20567B003BCDB3 /* Info.plist */,
				FF1F2F691E81BEE7009F4510 /* Localizable.strings */,
			);
			name = Resources;
			sourceTree = "<group>";
		};
		FF0B623D1E2092B3003BCDB3 /* Frameworks */ = {
			isa = PBXGroup;
			children = (
				FF3A01471E9DA0F7007B5883 /* AVKit.framework */,
				FF2EE3201E24B0EC007D5E6C /* Photos.framework */,
				FF0F26FB1E2421AF00D98C90 /* UIKit.framework */,
				FF0B623E1E2092B3003BCDB3 /* AVFoundation.framework */,
			);
			name = Frameworks;
			sourceTree = "<group>";
		};
		FF0F26F61E241B4800D98C90 /* Views */ = {
			isa = PBXGroup;
			children = (
				FF1E03691E8440DB0015A004 /* CameraControls */,
				FF0F26F71E241B5500D98C90 /* VTCameraPreviewView.h */,
				FF0F26F81E241B5500D98C90 /* VTCameraPreviewView.m */,
				FF1F2F581E81ACF0009F4510 /* VTRequiresCameraPermissionView.h */,
				FF1F2F591E81ACF0009F4510 /* VTRequiresCameraPermissionView.m */,
				FF54F7D61E9C901600D84F2C /* VTCountDownView.h */,
				FF54F7D71E9C901600D84F2C /* VTCountDownView.m */,
			);
			name = Views;
			sourceTree = "<group>";
		};
		FF1E03691E8440DB0015A004 /* CameraControls */ = {
			isa = PBXGroup;
			children = (
				FF1F2F8D1E82F86C009F4510 /* VTCameraControlView.h */,
				FF1F2F8E1E82F86C009F4510 /* VTCameraControlView.m */,
				FF1E036A1E8443110015A004 /* VTToggleButton.h */,
				FF1E036B1E8443110015A004 /* VTToggleButton.m */,
				FF54F7D31E9C302B00D84F2C /* VTPushPullToggleControl.h */,
				FF54F7D41E9C302B00D84F2C /* VTPushPullToggleControl.m */,
			);
			name = CameraControls;
			sourceTree = "<group>";
		};
		FF1F2F5B1E81B668009F4510 /* Utils */ = {
			isa = PBXGroup;
			children = (
				FF8111AA1E8B275B004E87B4 /* NonVendor */,
				FF1F2F5C1E81B67A009F4510 /* VTMath.h */,
				FF1F2F5D1E81B67A009F4510 /* VTMath.m */,
			);
			name = Utils;
			sourceTree = "<group>";
		};
		FF2EE31C1E24AB7D007D5E6C /* Model */ = {
			isa = PBXGroup;
			children = (
				FF19EE6E1E8841840001AFC4 /* VTCaptureTypes.h */,
				FF19EE6F1E8841840001AFC4 /* VTCaptureTypes.m */,
				FF84B7151E92FB7400F79413 /* VTZoomEffectSettings.h */,
				FF84B7161E92FB7400F79413 /* VTZoomEffectSettings.m */,
			);
			name = Model;
			sourceTree = "<group>";
		};
		FF74E25F1E8594EB00C6969F /* Controller */ = {
			isa = PBXGroup;
			children = (
				FF74E2601E85951B00C6969F /* VTCameraController.h */,
				FF74E2611E85951B00C6969F /* VTCameraController.m */,
				FFA05F5E1E89A344009137DA /* VTZoomEffect.h */,
				FFA05F5F1E89A344009137DA /* VTZoomEffect.m */,
			);
			name = Controller;
			sourceTree = "<group>";
		};
		FF8111AA1E8B275B004E87B4 /* NonVendor */ = {
			isa = PBXGroup;
			children = (
				FF8111AB1E8B2781004E87B4 /* HFKVOBlocks.h */,
				FF8111AC1E8B2781004E87B4 /* HFKVOBlocks.m */,
			);
			name = NonVendor;
			sourceTree = "<group>";
		};
/* End PBXGroup section */

/* Begin PBXNativeTarget section */
		FF0B621D1E20567B003BCDB3 /* Vertigo */ = {
			isa = PBXNativeTarget;
			buildConfigurationList = FF0B62351E20567B003BCDB3 /* Build configuration list for PBXNativeTarget "Vertigo" */;
			buildPhases = (
				FF0B621A1E20567B003BCDB3 /* Sources */,
				FF0B621B1E20567B003BCDB3 /* Frameworks */,
				FF0B621C1E20567B003BCDB3 /* Resources */,
			);
			buildRules = (
			);
			dependencies = (
			);
			name = Vertigo;
			productName = Vertigo;
			productReference = FF0B621E1E20567B003BCDB3 /* Vertigo.app */;
			productType = "com.apple.product-type.application";
		};
/* End PBXNativeTarget section */

/* Begin PBXProject section */
		FF0B62161E20567B003BCDB3 /* Project object */ = {
			isa = PBXProject;
			attributes = {
				LastUpgradeCheck = 0820;
				TargetAttributes = {
					FF0B621D1E20567B003BCDB3 = {
						CreatedOnToolsVersion = 8.2.1;
						DevelopmentTeam = 8J2J47QA72;
						ProvisioningStyle = Automatic;
					};
				};
			};
			buildConfigurationList = FF0B62191E20567B003BCDB3 /* Build configuration list for PBXProject "Vertigo" */;
			compatibilityVersion = "Xcode 3.2";
			developmentRegion = English;
			hasScannedForEncodings = 0;
			knownRegions = (
				en,
				Base,
			);
			mainGroup = FF0B62151E20567B003BCDB3;
			productRefGroup = FF0B621F1E20567B003BCDB3 /* Products */;
			projectDirPath = "";
			projectRoot = "";
			targets = (
				FF0B621D1E20567B003BCDB3 /* Vertigo */,
			);
		};
/* End PBXProject section */

/* Begin PBXResourcesBuildPhase section */
		FF0B621C1E20567B003BCDB3 /* Resources */ = {
			isa = PBXResourcesBuildPhase;
			buildActionMask = 2147483647;
			files = (
				FF0B62311E20567B003BCDB3 /* LaunchScreen.storyboard in Resources */,
				FF0B622E1E20567B003BCDB3 /* Assets.xcassets in Resources */,
				FF1F2F671E81BEE7009F4510 /* Localizable.strings in Resources */,
			);
			runOnlyForDeploymentPostprocessing = 0;
		};
/* End PBXResourcesBuildPhase section */

/* Begin PBXSourcesBuildPhase section */
		FF0B621A1E20567B003BCDB3 /* Sources */ = {
			isa = PBXSourcesBuildPhase;
			buildActionMask = 2147483647;
			files = (
				FF84B7171E92FB7400F79413 /* VTZoomEffectSettings.m in Sources */,
				FF0B62261E20567B003BCDB3 /* VTAppDelegate.m in Sources */,
				FF54F7D81E9C901600D84F2C /* VTCountDownView.m in Sources */,
				FF1F2F8F1E82F86C009F4510 /* VTCameraControlView.m in Sources */,
				FF0B62231E20567B003BCDB3 /* main.m in Sources */,
				FFA05F601E89A344009137DA /* VTZoomEffect.m in Sources */,
				FF74E2621E85951B00C6969F /* VTCameraController.m in Sources */,
				FF1E036C1E8443110015A004 /* VTToggleButton.m in Sources */,
				FF0F26F91E241B5500D98C90 /* VTCameraPreviewView.m in Sources */,
				FF4440491E7AEFFA002B6F67 /* VTRootViewController.m in Sources */,
				FF0B623A1E2057A4003BCDB3 /* VTMainViewController.m in Sources */,
				FF8111AD1E8B2781004E87B4 /* HFKVOBlocks.m in Sources */,
				FF1F2F5A1E81ACF0009F4510 /* VTRequiresCameraPermissionView.m in Sources */,
				FF19EE701E8841840001AFC4 /* VTCaptureTypes.m in Sources */,
				FF1F2F5E1E81B67A009F4510 /* VTMath.m in Sources */,
				FF54F7D51E9C302B00D84F2C /* VTPushPullToggleControl.m in Sources */,
			);
			runOnlyForDeploymentPostprocessing = 0;
		};
/* End PBXSourcesBuildPhase section */

/* Begin PBXVariantGroup section */
		FF0B622F1E20567B003BCDB3 /* LaunchScreen.storyboard */ = {
			isa = PBXVariantGroup;
			children = (
				FF0B62301E20567B003BCDB3 /* Base */,
			);
			name = LaunchScreen.storyboard;
			sourceTree = "<group>";
		};
		FF1F2F691E81BEE7009F4510 /* Localizable.strings */ = {
			isa = PBXVariantGroup;
			children = (
				FF1F2F681E81BEE7009F4510 /* en */,
			);
			name = Localizable.strings;
			sourceTree = "<group>";
		};
/* End PBXVariantGroup section */

/* Begin XCBuildConfiguration section */
		FF0B62331E20567B003BCDB3 /* Debug */ = {
			isa = XCBuildConfiguration;
			buildSettings = {
				ALWAYS_SEARCH_USER_PATHS = NO;
				CLANG_ANALYZER_NONNULL = YES;
				CLANG_CXX_LANGUAGE_STANDARD = "gnu++0x";
				CLANG_CXX_LIBRARY = "libc++";
				CLANG_ENABLE_MODULES = YES;
				CLANG_ENABLE_OBJC_ARC = YES;
				CLANG_WARN_BOOL_CONVERSION = YES;
				CLANG_WARN_CONSTANT_CONVERSION = YES;
				CLANG_WARN_DIRECT_OBJC_ISA_USAGE = YES_ERROR;
				CLANG_WARN_DOCUMENTATION_COMMENTS = YES;
				CLANG_WARN_EMPTY_BODY = YES;
				CLANG_WARN_ENUM_CONVERSION = YES;
				CLANG_WARN_INFINITE_RECURSION = YES;
				CLANG_WARN_INT_CONVERSION = YES;
				CLANG_WARN_OBJC_EXPLICIT_OWNERSHIP_TYPE = YES;
				CLANG_WARN_OBJC_IMPLICIT_RETAIN_SELF = YES;
				CLANG_WARN_OBJC_REPEATED_USE_OF_WEAK = YES;
				CLANG_WARN_OBJC_ROOT_CLASS = YES_ERROR;
				CLANG_WARN_SUSPICIOUS_MOVE = YES;
				CLANG_WARN_UNREACHABLE_CODE = YES;
				CLANG_WARN__DUPLICATE_METHOD_MATCH = YES;
				"CODE_SIGN_IDENTITY[sdk=iphoneos*]" = "iPhone Developer";
				COPY_PHASE_STRIP = NO;
				DEBUG_INFORMATION_FORMAT = dwarf;
				ENABLE_STRICT_OBJC_MSGSEND = YES;
				ENABLE_TESTABILITY = YES;
				GCC_C_LANGUAGE_STANDARD = gnu99;
				GCC_DYNAMIC_NO_PIC = NO;
				GCC_NO_COMMON_BLOCKS = YES;
				GCC_OPTIMIZATION_LEVEL = 0;
				GCC_PREPROCESSOR_DEFINITIONS = (
					"DEBUG=1",
					"$(inherited)",
				);
				GCC_TREAT_WARNINGS_AS_ERRORS = YES;
				GCC_WARN_64_TO_32_BIT_CONVERSION = YES;
				GCC_WARN_ABOUT_RETURN_TYPE = YES_ERROR;
				GCC_WARN_UNDECLARED_SELECTOR = YES;
				GCC_WARN_UNINITIALIZED_AUTOS = YES_AGGRESSIVE;
				GCC_WARN_UNUSED_FUNCTION = YES;
				GCC_WARN_UNUSED_VARIABLE = YES;
				IPHONEOS_DEPLOYMENT_TARGET = 9.3;
				MTL_ENABLE_DEBUG_INFO = YES;
				ONLY_ACTIVE_ARCH = YES;
				SDKROOT = iphoneos;
			};
			name = Debug;
		};
		FF0B62341E20567B003BCDB3 /* Release */ = {
			isa = XCBuildConfiguration;
			buildSettings = {
				ALWAYS_SEARCH_USER_PATHS = NO;
				CLANG_ANALYZER_NONNULL = YES;
				CLANG_CXX_LANGUAGE_STANDARD = "gnu++0x";
				CLANG_CXX_LIBRARY = "libc++";
				CLANG_ENABLE_MODULES = YES;
				CLANG_ENABLE_OBJC_ARC = YES;
				CLANG_WARN_BOOL_CONVERSION = YES;
				CLANG_WARN_CONSTANT_CONVERSION = YES;
				CLANG_WARN_DIRECT_OBJC_ISA_USAGE = YES_ERROR;
				CLANG_WARN_DOCUMENTATION_COMMENTS = YES;
				CLANG_WARN_EMPTY_BODY = YES;
				CLANG_WARN_ENUM_CONVERSION = YES;
				CLANG_WARN_INFINITE_RECURSION = YES;
				CLANG_WARN_INT_CONVERSION = YES;
				CLANG_WARN_OBJC_EXPLICIT_OWNERSHIP_TYPE = YES;
				CLANG_WARN_OBJC_IMPLICIT_RETAIN_SELF = YES;
				CLANG_WARN_OBJC_REPEATED_USE_OF_WEAK = YES;
				CLANG_WARN_OBJC_ROOT_CLASS = YES_ERROR;
				CLANG_WARN_SUSPICIOUS_MOVE = YES;
				CLANG_WARN_UNREACHABLE_CODE = YES;
				CLANG_WARN__DUPLICATE_METHOD_MATCH = YES;
				"CODE_SIGN_IDENTITY[sdk=iphoneos*]" = "iPhone Developer";
				COPY_PHASE_STRIP = NO;
				DEBUG_INFORMATION_FORMAT = "dwarf-with-dsym";
				ENABLE_NS_ASSERTIONS = NO;
				ENABLE_STRICT_OBJC_MSGSEND = YES;
				GCC_C_LANGUAGE_STANDARD = gnu99;
				GCC_NO_COMMON_BLOCKS = YES;
				GCC_TREAT_WARNINGS_AS_ERRORS = YES;
				GCC_WARN_64_TO_32_BIT_CONVERSION = YES;
				GCC_WARN_ABOUT_RETURN_TYPE = YES_ERROR;
				GCC_WARN_UNDECLARED_SELECTOR = YES;
				GCC_WARN_UNINITIALIZED_AUTOS = YES_AGGRESSIVE;
				GCC_WARN_UNUSED_FUNCTION = YES;
				GCC_WARN_UNUSED_VARIABLE = YES;
				IPHONEOS_DEPLOYMENT_TARGET = 9.3;
				MTL_ENABLE_DEBUG_INFO = NO;
				SDKROOT = iphoneos;
				VALIDATE_PRODUCT = YES;
			};
			name = Release;
		};
		FF0B62361E20567B003BCDB3 /* Debug */ = {
			isa = XCBuildConfiguration;
			buildSettings = {
				ASSETCATALOG_COMPILER_APPICON_NAME = AppIcon;
				DEVELOPMENT_TEAM = 8J2J47QA72;
				GCC_PREFIX_HEADER = Vertigo/VertigoPrefixHeader.pch;
				INFOPLIST_FILE = Vertigo/Info.plist;
				LD_RUNPATH_SEARCH_PATHS = "$(inherited) @executable_path/Frameworks";
				PRODUCT_BUNDLE_IDENTIFIER = org.evanlong.Vertigo;
				PRODUCT_NAME = "$(TARGET_NAME)";
			};
			name = Debug;
		};
		FF0B62371E20567B003BCDB3 /* Release */ = {
			isa = XCBuildConfiguration;
			buildSettings = {
				ASSETCATALOG_COMPILER_APPICON_NAME = AppIcon;
				DEVELOPMENT_TEAM = 8J2J47QA72;
				GCC_PREFIX_HEADER = Vertigo/VertigoPrefixHeader.pch;
				INFOPLIST_FILE = Vertigo/Info.plist;
				LD_RUNPATH_SEARCH_PATHS = "$(inherited) @executable_path/Frameworks";
				PRODUCT_BUNDLE_IDENTIFIER = org.evanlong.Vertigo;
				PRODUCT_NAME = "$(TARGET_NAME)";
			};
			name = Release;
		};
/* End XCBuildConfiguration section */

/* Begin XCConfigurationList section */
		FF0B62191E20567B003BCDB3 /* Build configuration list for PBXProject "Vertigo" */ = {
			isa = XCConfigurationList;
			buildConfigurations = (
				FF0B62331E20567B003BCDB3 /* Debug */,
				FF0B62341E20567B003BCDB3 /* Release */,
			);
			defaultConfigurationIsVisible = 0;
			defaultConfigurationName = Release;
		};
		FF0B62351E20567B003BCDB3 /* Build configuration list for PBXNativeTarget "Vertigo" */ = {
			isa = XCConfigurationList;
			buildConfigurations = (
				FF0B62361E20567B003BCDB3 /* Debug */,
				FF0B62371E20567B003BCDB3 /* Release */,
			);
			defaultConfigurationIsVisible = 0;
			defaultConfigurationName = Release;
		};
/* End XCConfigurationList section */
	};
	rootObject = FF0B62161E20567B003BCDB3 /* Project object */;
}
